// !$*UTF8*$!
{
	archiveVersion = 1;
	classes = {
	};
	objectVersion = 46;
	objects = {

/* Begin PBXBuildFile section */
		71798BC01EA7164400A5D55B /* DataType.swift in Sources */ = {isa = PBXBuildFile; fileRef = 71798BB71EA7164400A5D55B /* DataType.swift */; };
		71798BC11EA7164400A5D55B /* Decodable.swift in Sources */ = {isa = PBXBuildFile; fileRef = 71798BB81EA7164400A5D55B /* Decodable.swift */; };
		71798BC21EA7164400A5D55B /* Decoder.swift in Sources */ = {isa = PBXBuildFile; fileRef = 71798BB91EA7164400A5D55B /* Decoder.swift */; };
		71798BC31EA7164400A5D55B /* Encodable.swift in Sources */ = {isa = PBXBuildFile; fileRef = 71798BBA1EA7164400A5D55B /* Encodable.swift */; };
		71798BC41EA7164400A5D55B /* Encoder.swift in Sources */ = {isa = PBXBuildFile; fileRef = 71798BBB1EA7164400A5D55B /* Encoder.swift */; };
		71798BC51EA7164400A5D55B /* IvarArray.swift in Sources */ = {isa = PBXBuildFile; fileRef = 71798BBC1EA7164400A5D55B /* IvarArray.swift */; };
		71798BC61EA7164400A5D55B /* IvarObject.swift in Sources */ = {isa = PBXBuildFile; fileRef = 71798BBD1EA7164400A5D55B /* IvarObject.swift */; };
		71798BC71EA7164400A5D55B /* IvarToken.swift in Sources */ = {isa = PBXBuildFile; fileRef = 71798BBE1EA7164400A5D55B /* IvarToken.swift */; };
		71798BC81EA7164400A5D55B /* Token.swift in Sources */ = {isa = PBXBuildFile; fileRef = 71798BBF1EA7164400A5D55B /* Token.swift */; };
		OBJ_45 /* SwiftBinaryTests.swift in Sources */ = {isa = PBXBuildFile; fileRef = OBJ_21 /* SwiftBinaryTests.swift */; };
		OBJ_47 /* SwiftBinary.framework in Frameworks */ = {isa = PBXBuildFile; fileRef = OBJ_23 /* SwiftBinary.framework */; };
/* End PBXBuildFile section */

/* Begin PBXContainerItemProxy section */
		71798B951EA7077400A5D55B /* PBXContainerItemProxy */ = {
			isa = PBXContainerItemProxy;
			containerPortal = OBJ_1 /* Project object */;
			proxyType = 1;
			remoteGlobalIDString = OBJ_25;
			remoteInfo = Swift.Binary;
		};
/* End PBXContainerItemProxy section */

/* Begin PBXFileReference section */
		71798BA21EA70A5500A5D55B /* README.md */ = {isa = PBXFileReference; lastKnownFileType = net.daringfireball.markdown; path = README.md; sourceTree = "<group>"; };
		71798BA31EA70A5500A5D55B /* Swift.Binary.podspec */ = {isa = PBXFileReference; lastKnownFileType = text; path = Swift.Binary.podspec; sourceTree = "<group>"; };
		71798BB71EA7164400A5D55B /* DataType.swift */ = {isa = PBXFileReference; fileEncoding = 4; lastKnownFileType = sourcecode.swift; name = DataType.swift; path = Sources/DataType.swift; sourceTree = "<group>"; };
		71798BB81EA7164400A5D55B /* Decodable.swift */ = {isa = PBXFileReference; fileEncoding = 4; lastKnownFileType = sourcecode.swift; name = Decodable.swift; path = Sources/Decodable.swift; sourceTree = "<group>"; };
		71798BB91EA7164400A5D55B /* Decoder.swift */ = {isa = PBXFileReference; fileEncoding = 4; lastKnownFileType = sourcecode.swift; name = Decoder.swift; path = Sources/Decoder.swift; sourceTree = "<group>"; };
		71798BBA1EA7164400A5D55B /* Encodable.swift */ = {isa = PBXFileReference; fileEncoding = 4; lastKnownFileType = sourcecode.swift; name = Encodable.swift; path = Sources/Encodable.swift; sourceTree = "<group>"; };
		71798BBB1EA7164400A5D55B /* Encoder.swift */ = {isa = PBXFileReference; fileEncoding = 4; lastKnownFileType = sourcecode.swift; name = Encoder.swift; path = Sources/Encoder.swift; sourceTree = "<group>"; };
		71798BBC1EA7164400A5D55B /* IvarArray.swift */ = {isa = PBXFileReference; fileEncoding = 4; lastKnownFileType = sourcecode.swift; name = IvarArray.swift; path = Sources/IvarArray.swift; sourceTree = "<group>"; };
		71798BBD1EA7164400A5D55B /* IvarObject.swift */ = {isa = PBXFileReference; fileEncoding = 4; lastKnownFileType = sourcecode.swift; name = IvarObject.swift; path = Sources/IvarObject.swift; sourceTree = "<group>"; };
		71798BBE1EA7164400A5D55B /* IvarToken.swift */ = {isa = PBXFileReference; fileEncoding = 4; lastKnownFileType = sourcecode.swift; name = IvarToken.swift; path = Sources/IvarToken.swift; sourceTree = "<group>"; };
		71798BBF1EA7164400A5D55B /* Token.swift */ = {isa = PBXFileReference; fileEncoding = 4; lastKnownFileType = sourcecode.swift; name = Token.swift; path = Sources/Token.swift; sourceTree = "<group>"; };
		OBJ_21 /* SwiftBinaryTests.swift */ = {isa = PBXFileReference; lastKnownFileType = sourcecode.swift; path = SwiftBinaryTests.swift; sourceTree = "<group>"; };
		OBJ_23 /* SwiftBinary.framework */ = {isa = PBXFileReference; explicitFileType = wrapper.framework; path = SwiftBinary.framework; sourceTree = BUILT_PRODUCTS_DIR; };
		OBJ_24 /* Swift.BinaryTests.xctest */ = {isa = PBXFileReference; explicitFileType = wrapper.cfbundle; path = Swift.BinaryTests.xctest; sourceTree = BUILT_PRODUCTS_DIR; };
		OBJ_6 /* Package.swift */ = {isa = PBXFileReference; explicitFileType = sourcecode.swift; path = Package.swift; sourceTree = "<group>"; };
/* End PBXFileReference section */

/* Begin PBXFrameworksBuildPhase section */
		OBJ_39 /* Frameworks */ = {
			isa = PBXFrameworksBuildPhase;
			buildActionMask = 0;
			files = (
			);
			runOnlyForDeploymentPostprocessing = 0;
		};
		OBJ_46 /* Frameworks */ = {
			isa = PBXFrameworksBuildPhase;
			buildActionMask = 0;
			files = (
				OBJ_47 /* SwiftBinary.framework in Frameworks */,
			);
			runOnlyForDeploymentPostprocessing = 0;
		};
/* End PBXFrameworksBuildPhase section */

/* Begin PBXGroup section */
		OBJ_19 /* Tests */ = {
			isa = PBXGroup;
			children = (
				OBJ_20 /* SwiftBinaryTests */,
			);
			name = Tests;
			sourceTree = SOURCE_ROOT;
		};
		OBJ_20 /* SwiftBinaryTests */ = {
			isa = PBXGroup;
			children = (
				OBJ_21 /* SwiftBinaryTests.swift */,
			);
			name = SwiftBinaryTests;
			path = Tests/SwiftBinaryTests;
			sourceTree = SOURCE_ROOT;
		};
		OBJ_22 /* Products */ = {
			isa = PBXGroup;
			children = (
				OBJ_23 /* SwiftBinary.framework */,
				OBJ_24 /* Swift.BinaryTests.xctest */,
			);
			name = Products;
			sourceTree = BUILT_PRODUCTS_DIR;
		};
		OBJ_5 = {
			isa = PBXGroup;
			children = (
				71798BA21EA70A5500A5D55B /* README.md */,
				71798BA31EA70A5500A5D55B /* Swift.Binary.podspec */,
				OBJ_7 /* Sources */,
				OBJ_19 /* Tests */,
				OBJ_22 /* Products */,
				OBJ_6 /* Package.swift */,
			);
			sourceTree = "<group>";
		};
		OBJ_7 /* Sources */ = {
			isa = PBXGroup;
			children = (
				71798BB71EA7164400A5D55B /* DataType.swift */,
				71798BB81EA7164400A5D55B /* Decodable.swift */,
				71798BB91EA7164400A5D55B /* Decoder.swift */,
				71798BBA1EA7164400A5D55B /* Encodable.swift */,
				71798BBB1EA7164400A5D55B /* Encoder.swift */,
				71798BBC1EA7164400A5D55B /* IvarArray.swift */,
				71798BBD1EA7164400A5D55B /* IvarObject.swift */,
				71798BBE1EA7164400A5D55B /* IvarToken.swift */,
				71798BBF1EA7164400A5D55B /* Token.swift */,
			);
			name = Sources;
			sourceTree = SOURCE_ROOT;
		};
/* End PBXGroup section */

/* Begin PBXNativeTarget section */
		OBJ_25 /* SwiftBinary */ = {
			isa = PBXNativeTarget;
			buildConfigurationList = OBJ_26 /* Build configuration list for PBXNativeTarget "SwiftBinary" */;
			buildPhases = (
				OBJ_29 /* Sources */,
				OBJ_39 /* Frameworks */,
			);
			buildRules = (
			);
			dependencies = (
			);
			name = SwiftBinary;
			productName = Swift_Binary;
			productReference = OBJ_23 /* SwiftBinary.framework */;
			productType = "com.apple.product-type.framework";
		};
		OBJ_40 /* SwiftBinaryTests */ = {
			isa = PBXNativeTarget;
			buildConfigurationList = OBJ_41 /* Build configuration list for PBXNativeTarget "SwiftBinaryTests" */;
			buildPhases = (
				OBJ_44 /* Sources */,
				OBJ_46 /* Frameworks */,
			);
			buildRules = (
			);
			dependencies = (
				OBJ_48 /* PBXTargetDependency */,
			);
			name = SwiftBinaryTests;
			productName = Swift_BinaryTests;
			productReference = OBJ_24 /* Swift.BinaryTests.xctest */;
			productType = "com.apple.product-type.bundle.unit-test";
		};
/* End PBXNativeTarget section */

/* Begin PBXProject section */
		OBJ_1 /* Project object */ = {
			isa = PBXProject;
			attributes = {
				LastUpgradeCheck = 9999;
				TargetAttributes = {
					OBJ_25 = {
						DevelopmentTeam = EUPS925RGY;
						LastSwiftMigration = 0830;
						ProvisioningStyle = Automatic;
					};
					OBJ_40 = {
						DevelopmentTeam = EUPS925RGY;
						ProvisioningStyle = Automatic;
					};
				};
			};
			buildConfigurationList = OBJ_2 /* Build configuration list for PBXProject "Swift.Binary" */;
			compatibilityVersion = "Xcode 3.2";
			developmentRegion = English;
			hasScannedForEncodings = 0;
			knownRegions = (
				en,
			);
			mainGroup = OBJ_5;
			productRefGroup = OBJ_22 /* Products */;
			projectDirPath = "";
			projectRoot = "";
			targets = (
				OBJ_25 /* SwiftBinary */,
				OBJ_40 /* SwiftBinaryTests */,
			);
		};
/* End PBXProject section */

/* Begin PBXSourcesBuildPhase section */
		OBJ_29 /* Sources */ = {
			isa = PBXSourcesBuildPhase;
			buildActionMask = 0;
			files = (
				71798BC31EA7164400A5D55B /* Encodable.swift in Sources */,
				71798BC41EA7164400A5D55B /* Encoder.swift in Sources */,
				71798BC71EA7164400A5D55B /* IvarToken.swift in Sources */,
				71798BC51EA7164400A5D55B /* IvarArray.swift in Sources */,
				71798BC11EA7164400A5D55B /* Decodable.swift in Sources */,
				71798BC01EA7164400A5D55B /* DataType.swift in Sources */,
				71798BC81EA7164400A5D55B /* Token.swift in Sources */,
				71798BC61EA7164400A5D55B /* IvarObject.swift in Sources */,
				71798BC21EA7164400A5D55B /* Decoder.swift in Sources */,
			);
			runOnlyForDeploymentPostprocessing = 0;
		};
		OBJ_44 /* Sources */ = {
			isa = PBXSourcesBuildPhase;
			buildActionMask = 0;
			files = (
				OBJ_45 /* SwiftBinaryTests.swift in Sources */,
			);
			runOnlyForDeploymentPostprocessing = 0;
		};
/* End PBXSourcesBuildPhase section */

/* Begin PBXTargetDependency section */
		OBJ_48 /* PBXTargetDependency */ = {
			isa = PBXTargetDependency;
			target = OBJ_25 /* SwiftBinary */;
			targetProxy = 71798B951EA7077400A5D55B /* PBXContainerItemProxy */;
		};
/* End PBXTargetDependency section */

/* Begin XCBuildConfiguration section */
		OBJ_27 /* Debug */ = {
			isa = XCBuildConfiguration;
			buildSettings = {
				CLANG_ENABLE_MODULES = YES;
				CODE_SIGN_IDENTITY = "";
				DEFINES_MODULE = YES;
				DEVELOPMENT_TEAM = EUPS925RGY;
				ENABLE_TESTABILITY = YES;
				FRAMEWORK_SEARCH_PATHS = (
					"$(inherited)",
					"$(PLATFORM_DIR)/Developer/Library/Frameworks",
				);
				HEADER_SEARCH_PATHS = "$(inherited)";
				INFOPLIST_FILE = Swift.Binary.xcodeproj/Swift_Binary_Info.plist;
				IPHONEOS_DEPLOYMENT_TARGET = 8.0;
				LD_RUNPATH_SEARCH_PATHS = "$(TOOLCHAIN_DIR)/usr/lib/swift/macosx";
				OTHER_LDFLAGS = "$(inherited)";
				OTHER_SWIFT_FLAGS = "$(inherited)";
				PRODUCT_BUNDLE_IDENTIFIER = "br.com.insanitech.Swift-Binary";
				PRODUCT_MODULE_NAME = SwiftBinary;
				PRODUCT_NAME = SwiftBinary;
				PROVISIONING_PROFILE_SPECIFIER = "";
				SDKROOT = iphoneos;
				SKIP_INSTALL = YES;
				SWIFT_OPTIMIZATION_LEVEL = "-Onone";
				SWIFT_VERSION = 3.0;
				TARGET_NAME = Swift.Binary;
				VALID_ARCHS = "osx i386 arm64 armv7s armv7";
				VERSIONING_SYSTEM = "apple-generic";
			};
			name = Debug;
		};
		OBJ_28 /* Release */ = {
			isa = XCBuildConfiguration;
			buildSettings = {
				CLANG_ENABLE_MODULES = YES;
				CODE_SIGN_IDENTITY = "";
				DEFINES_MODULE = YES;
				DEVELOPMENT_TEAM = EUPS925RGY;
				ENABLE_TESTABILITY = YES;
				FRAMEWORK_SEARCH_PATHS = (
					"$(inherited)",
					"$(PLATFORM_DIR)/Developer/Library/Frameworks",
				);
				HEADER_SEARCH_PATHS = "$(inherited)";
				INFOPLIST_FILE = Swift.Binary.xcodeproj/Swift_Binary_Info.plist;
				IPHONEOS_DEPLOYMENT_TARGET = 8.0;
				LD_RUNPATH_SEARCH_PATHS = "$(TOOLCHAIN_DIR)/usr/lib/swift/macosx";
				OTHER_LDFLAGS = "$(inherited)";
				OTHER_SWIFT_FLAGS = "$(inherited)";
				PRODUCT_BUNDLE_IDENTIFIER = "br.com.insanitech.Swift-Binary";
				PRODUCT_MODULE_NAME = SwiftBinary;
				PRODUCT_NAME = SwiftBinary;
				PROVISIONING_PROFILE_SPECIFIER = "";
				SDKROOT = iphoneos;
				SKIP_INSTALL = YES;
				SWIFT_VERSION = 3.0;
				TARGET_NAME = Swift.Binary;
				VALID_ARCHS = "osx i386 arm64 armv7s armv7";
				VERSIONING_SYSTEM = "apple-generic";
			};
			name = Release;
		};
		OBJ_3 /* Debug */ = {
			isa = XCBuildConfiguration;
			buildSettings = {
				CLANG_ENABLE_OBJC_ARC = YES;
				COMBINE_HIDPI_IMAGES = YES;
				COPY_PHASE_STRIP = NO;
				DEBUG_INFORMATION_FORMAT = dwarf;
				DEVELOPMENT_TEAM = EUPS925RGY;
				DYLIB_INSTALL_NAME_BASE = "@rpath";
				ENABLE_NS_ASSERTIONS = YES;
				GCC_OPTIMIZATION_LEVEL = 0;
				IPHONEOS_DEPLOYMENT_TARGET = 8.0;
				MACOSX_DEPLOYMENT_TARGET = 10.10;
				ONLY_ACTIVE_ARCH = YES;
				OTHER_SWIFT_FLAGS = "-DXcode";
				PRODUCT_NAME = "$(TARGET_NAME)";
				SDKROOT = iphoneos;
				SUPPORTED_PLATFORMS = "macos ios iphonesimulator";
				SWIFT_ACTIVE_COMPILATION_CONDITIONS = SWIFT_PACKAGE;
				SWIFT_OPTIMIZATION_LEVEL = "-Onone";
				SWIFT_VERSION = 3.0;
				USE_HEADERMAP = NO;
			};
			name = Debug;
		};
		OBJ_4 /* Release */ = {
			isa = XCBuildConfiguration;
			buildSettings = {
				CLANG_ENABLE_OBJC_ARC = YES;
				COMBINE_HIDPI_IMAGES = YES;
				COPY_PHASE_STRIP = YES;
				DEBUG_INFORMATION_FORMAT = "dwarf-with-dsym";
				DEVELOPMENT_TEAM = EUPS925RGY;
				DYLIB_INSTALL_NAME_BASE = "@rpath";
				GCC_OPTIMIZATION_LEVEL = s;
				IPHONEOS_DEPLOYMENT_TARGET = 8.0;
				MACOSX_DEPLOYMENT_TARGET = 10.10;
				OTHER_SWIFT_FLAGS = "-DXcode";
				PRODUCT_NAME = "$(TARGET_NAME)";
				SDKROOT = iphoneos;
				SUPPORTED_PLATFORMS = "macos ios iphonesimulator";
				SWIFT_ACTIVE_COMPILATION_CONDITIONS = SWIFT_PACKAGE;
				SWIFT_OPTIMIZATION_LEVEL = "-Owholemodule";
				SWIFT_VERSION = 3.0;
				USE_HEADERMAP = NO;
			};
			name = Release;
		};
		OBJ_42 /* Debug */ = {
			isa = XCBuildConfiguration;
			buildSettings = {
				ALWAYS_EMBED_SWIFT_STANDARD_LIBRARIES = YES;
				CODE_SIGN_IDENTITY = "";
				"CODE_SIGN_IDENTITY[sdk=iphoneos*]" = "iPhone Developer";
				DEVELOPMENT_TEAM = EUPS925RGY;
				EMBEDDED_CONTENT_CONTAINS_SWIFT = YES;
				FRAMEWORK_SEARCH_PATHS = (
					"$(inherited)",
					"$(PLATFORM_DIR)/Developer/Library/Frameworks",
				);
				HEADER_SEARCH_PATHS = "$(inherited)";
				INFOPLIST_FILE = Swift.Binary.xcodeproj/Swift_BinaryTests_Info.plist;
				LD_RUNPATH_SEARCH_PATHS = "@loader_path/../Frameworks @loader_path/Frameworks";
				OTHER_LDFLAGS = "$(inherited)";
				OTHER_SWIFT_FLAGS = "$(inherited)";
				PROVISIONING_PROFILE_SPECIFIER = "";
				SDKROOT = iphoneos;
				SUPPORTED_PLATFORMS = "macos ios iphonesimulator";
				TARGET_NAME = Swift.BinaryTests;
			};
			name = Debug;
		};
		OBJ_43 /* Release */ = {
			isa = XCBuildConfiguration;
			buildSettings = {
				ALWAYS_EMBED_SWIFT_STANDARD_LIBRARIES = YES;
				CODE_SIGN_IDENTITY = "";
				"CODE_SIGN_IDENTITY[sdk=*]" = "iPhone Developer";
				DEVELOPMENT_TEAM = EUPS925RGY;
				EMBEDDED_CONTENT_CONTAINS_SWIFT = YES;
				FRAMEWORK_SEARCH_PATHS = (
					"$(inherited)",
					"$(PLATFORM_DIR)/Developer/Library/Frameworks",
				);
				HEADER_SEARCH_PATHS = "$(inherited)";
				INFOPLIST_FILE = Swift.Binary.xcodeproj/Swift_BinaryTests_Info.plist;
				LD_RUNPATH_SEARCH_PATHS = "@loader_path/../Frameworks @loader_path/Frameworks";
				OTHER_LDFLAGS = "$(inherited)";
				OTHER_SWIFT_FLAGS = "$(inherited)";
				PROVISIONING_PROFILE_SPECIFIER = "";
				SDKROOT = iphoneos;
				SUPPORTED_PLATFORMS = "macos ios iphonesimulator";
				TARGET_NAME = Swift.BinaryTests;
			};
			name = Release;
		};
/* End XCBuildConfiguration section */

/* Begin XCConfigurationList section */
		OBJ_2 /* Build configuration list for PBXProject "Swift.Binary" */ = {
			isa = XCConfigurationList;
			buildConfigurations = (
				OBJ_3 /* Debug */,
				OBJ_4 /* Release */,
			);
			defaultConfigurationIsVisible = 0;
			defaultConfigurationName = Debug;
		};
		OBJ_26 /* Build configuration list for PBXNativeTarget "SwiftBinary" */ = {
			isa = XCConfigurationList;
			buildConfigurations = (
				OBJ_27 /* Debug */,
				OBJ_28 /* Release */,
			);
			defaultConfigurationIsVisible = 0;
			defaultConfigurationName = Debug;
		};
		OBJ_41 /* Build configuration list for PBXNativeTarget "SwiftBinaryTests" */ = {
			isa = XCConfigurationList;
			buildConfigurations = (
				OBJ_42 /* Debug */,
				OBJ_43 /* Release */,
			);
			defaultConfigurationIsVisible = 0;
			defaultConfigurationName = Debug;
		};
/* End XCConfigurationList section */
	};
	rootObject = OBJ_1 /* Project object */;
}
