// !$*UTF8*$!
{
	archiveVersion = 1;
	classes = {
	};
	objectVersion = 46;
	objects = {

/* Begin PBXBuildFile section */
		OBJ_32 /* ObjectDecoder.swift in Sources */ = {isa = PBXBuildFile; fileRef = OBJ_8 /* ObjectDecoder.swift */; };
		OBJ_33 /* Decodable.swift in Sources */ = {isa = PBXBuildFile; fileRef = OBJ_9 /* Decodable.swift */; };
		OBJ_34 /* DataType.swift in Sources */ = {isa = PBXBuildFile; fileRef = OBJ_10 /* DataType.swift */; };
		OBJ_35 /* IvarToken.swift in Sources */ = {isa = PBXBuildFile; fileRef = OBJ_11 /* IvarToken.swift */; };
		OBJ_36 /* ObjectEncoder.swift in Sources */ = {isa = PBXBuildFile; fileRef = OBJ_12 /* ObjectEncoder.swift */; };
		OBJ_37 /* Encodable.swift in Sources */ = {isa = PBXBuildFile; fileRef = OBJ_13 /* Encodable.swift */; };
		OBJ_38 /* IvarObject.swift in Sources */ = {isa = PBXBuildFile; fileRef = OBJ_14 /* IvarObject.swift */; };
		OBJ_39 /* IvarArray.swift in Sources */ = {isa = PBXBuildFile; fileRef = OBJ_15 /* IvarArray.swift */; };
		OBJ_40 /* Dictionary+AnyNotNil.swift in Sources */ = {isa = PBXBuildFile; fileRef = OBJ_16 /* Dictionary+AnyNotNil.swift */; };
		OBJ_41 /* Optional+Extensions.swift in Sources */ = {isa = PBXBuildFile; fileRef = OBJ_17 /* Optional+Extensions.swift */; };
		OBJ_42 /* Convertable.swift in Sources */ = {isa = PBXBuildFile; fileRef = OBJ_18 /* Convertable.swift */; };
		OBJ_43 /* Token.swift in Sources */ = {isa = PBXBuildFile; fileRef = OBJ_19 /* Token.swift */; };
		OBJ_50 /* SwiftBinaryTests.swift in Sources */ = {isa = PBXBuildFile; fileRef = OBJ_22 /* SwiftBinaryTests.swift */; };
		OBJ_51 /* SwiftBinaryLinuxTests.swift in Sources */ = {isa = PBXBuildFile; fileRef = OBJ_23 /* SwiftBinaryLinuxTests.swift */; };
		OBJ_53 /* SwiftBinary.framework in Frameworks */ = {isa = PBXBuildFile; fileRef = OBJ_25 /* SwiftBinary.framework */; };
/* End PBXBuildFile section */

/* Begin PBXContainerItemProxy section */
		71F469661EF8C5580014F688 /* PBXContainerItemProxy */ = {
			isa = PBXContainerItemProxy;
			containerPortal = OBJ_1 /* Project object */;
			proxyType = 1;
			remoteGlobalIDString = OBJ_27;
			remoteInfo = SwiftBinary;
		};
/* End PBXContainerItemProxy section */

/* Begin PBXFileReference section */
		OBJ_10 /* DataType.swift */ = {isa = PBXFileReference; lastKnownFileType = sourcecode.swift; path = DataType.swift; sourceTree = "<group>"; };
		OBJ_11 /* IvarToken.swift */ = {isa = PBXFileReference; lastKnownFileType = sourcecode.swift; path = IvarToken.swift; sourceTree = "<group>"; };
		OBJ_12 /* ObjectEncoder.swift */ = {isa = PBXFileReference; lastKnownFileType = sourcecode.swift; path = ObjectEncoder.swift; sourceTree = "<group>"; };
		OBJ_13 /* Encodable.swift */ = {isa = PBXFileReference; lastKnownFileType = sourcecode.swift; path = Encodable.swift; sourceTree = "<group>"; };
		OBJ_14 /* IvarObject.swift */ = {isa = PBXFileReference; lastKnownFileType = sourcecode.swift; path = IvarObject.swift; sourceTree = "<group>"; };
		OBJ_15 /* IvarArray.swift */ = {isa = PBXFileReference; lastKnownFileType = sourcecode.swift; path = IvarArray.swift; sourceTree = "<group>"; };
		OBJ_16 /* Dictionary+AnyNotNil.swift */ = {isa = PBXFileReference; lastKnownFileType = sourcecode.swift; path = "Dictionary+AnyNotNil.swift"; sourceTree = "<group>"; };
		OBJ_17 /* Optional+Extensions.swift */ = {isa = PBXFileReference; lastKnownFileType = sourcecode.swift; path = "Optional+Extensions.swift"; sourceTree = "<group>"; };
		OBJ_18 /* Convertable.swift */ = {isa = PBXFileReference; lastKnownFileType = sourcecode.swift; path = Convertable.swift; sourceTree = "<group>"; };
		OBJ_19 /* Token.swift */ = {isa = PBXFileReference; lastKnownFileType = sourcecode.swift; path = Token.swift; sourceTree = "<group>"; };
		OBJ_22 /* SwiftBinaryTests.swift */ = {isa = PBXFileReference; lastKnownFileType = sourcecode.swift; path = SwiftBinaryTests.swift; sourceTree = "<group>"; };
		OBJ_23 /* SwiftBinaryLinuxTests.swift */ = {isa = PBXFileReference; lastKnownFileType = sourcecode.swift; path = SwiftBinaryLinuxTests.swift; sourceTree = "<group>"; };
		OBJ_25 /* SwiftBinary.framework */ = {isa = PBXFileReference; explicitFileType = wrapper.framework; path = SwiftBinary.framework; sourceTree = BUILT_PRODUCTS_DIR; };
		OBJ_26 /* SwiftBinaryTests.xctest */ = {isa = PBXFileReference; lastKnownFileType = file; path = SwiftBinaryTests.xctest; sourceTree = BUILT_PRODUCTS_DIR; };
		OBJ_6 /* Package.swift */ = {isa = PBXFileReference; explicitFileType = sourcecode.swift; path = Package.swift; sourceTree = "<group>"; };
		OBJ_8 /* ObjectDecoder.swift */ = {isa = PBXFileReference; lastKnownFileType = sourcecode.swift; path = ObjectDecoder.swift; sourceTree = "<group>"; };
		OBJ_9 /* Decodable.swift */ = {isa = PBXFileReference; lastKnownFileType = sourcecode.swift; path = Decodable.swift; sourceTree = "<group>"; };
/* End PBXFileReference section */

/* Begin PBXFrameworksBuildPhase section */
		OBJ_44 /* Frameworks */ = {
			isa = PBXFrameworksBuildPhase;
			buildActionMask = 0;
			files = (
			);
			runOnlyForDeploymentPostprocessing = 0;
		};
		OBJ_52 /* Frameworks */ = {
			isa = PBXFrameworksBuildPhase;
			buildActionMask = 0;
			files = (
				OBJ_53 /* SwiftBinary.framework in Frameworks */,
			);
			runOnlyForDeploymentPostprocessing = 0;
		};
/* End PBXFrameworksBuildPhase section */

/* Begin PBXGroup section */
		OBJ_20 /* Tests */ = {
			isa = PBXGroup;
			children = (
				OBJ_21 /* SwiftBinaryTests */,
			);
			name = Tests;
			sourceTree = SOURCE_ROOT;
		};
		OBJ_21 /* SwiftBinaryTests */ = {
			isa = PBXGroup;
			children = (
				OBJ_22 /* SwiftBinaryTests.swift */,
				OBJ_23 /* SwiftBinaryLinuxTests.swift */,
			);
			name = SwiftBinaryTests;
			path = Tests/SwiftBinaryTests;
			sourceTree = SOURCE_ROOT;
		};
		OBJ_24 /* Products */ = {
			isa = PBXGroup;
			children = (
				OBJ_25 /* SwiftBinary.framework */,
				OBJ_26 /* SwiftBinaryTests.xctest */,
			);
			name = Products;
			sourceTree = BUILT_PRODUCTS_DIR;
		};
		OBJ_5 = {
			isa = PBXGroup;
			children = (
				OBJ_6 /* Package.swift */,
				OBJ_7 /* Sources */,
				OBJ_20 /* Tests */,
				OBJ_24 /* Products */,
			);
			sourceTree = "<group>";
		};
		OBJ_7 /* Sources */ = {
			isa = PBXGroup;
			children = (
				OBJ_8 /* ObjectDecoder.swift */,
				OBJ_9 /* Decodable.swift */,
				OBJ_10 /* DataType.swift */,
				OBJ_11 /* IvarToken.swift */,
				OBJ_12 /* ObjectEncoder.swift */,
				OBJ_13 /* Encodable.swift */,
				OBJ_14 /* IvarObject.swift */,
				OBJ_15 /* IvarArray.swift */,
				OBJ_16 /* Dictionary+AnyNotNil.swift */,
				OBJ_17 /* Optional+Extensions.swift */,
				OBJ_18 /* Convertable.swift */,
				OBJ_19 /* Token.swift */,
			);
			path = Sources;
			sourceTree = SOURCE_ROOT;
		};
/* End PBXGroup section */

/* Begin PBXNativeTarget section */
		OBJ_27 /* SwiftBinary */ = {
			isa = PBXNativeTarget;
			buildConfigurationList = OBJ_28 /* Build configuration list for PBXNativeTarget "SwiftBinary" */;
			buildPhases = (
				OBJ_31 /* Sources */,
				OBJ_44 /* Frameworks */,
			);
			buildRules = (
			);
			dependencies = (
			);
			name = SwiftBinary;
			productName = SwiftBinary;
			productReference = OBJ_25 /* SwiftBinary.framework */;
			productType = "com.apple.product-type.framework";
		};
		OBJ_45 /* SwiftBinaryTests */ = {
			isa = PBXNativeTarget;
			buildConfigurationList = OBJ_46 /* Build configuration list for PBXNativeTarget "SwiftBinaryTests" */;
			buildPhases = (
				OBJ_49 /* Sources */,
				OBJ_52 /* Frameworks */,
			);
			buildRules = (
			);
			dependencies = (
				OBJ_54 /* PBXTargetDependency */,
			);
			name = SwiftBinaryTests;
			productName = SwiftBinaryTests;
			productReference = OBJ_26 /* SwiftBinaryTests.xctest */;
			productType = "com.apple.product-type.bundle.unit-test";
		};
/* End PBXNativeTarget section */

/* Begin PBXProject section */
		OBJ_1 /* Project object */ = {
			isa = PBXProject;
			attributes = {
				LastUpgradeCheck = 9999;
			};
			buildConfigurationList = OBJ_2 /* Build configuration list for PBXProject "SwiftBinary" */;
			compatibilityVersion = "Xcode 3.2";
			developmentRegion = English;
			hasScannedForEncodings = 0;
			knownRegions = (
				en,
			);
			mainGroup = OBJ_5;
			productRefGroup = OBJ_24 /* Products */;
			projectDirPath = "";
			projectRoot = "";
			targets = (
				OBJ_27 /* SwiftBinary */,
				OBJ_45 /* SwiftBinaryTests */,
			);
		};
/* End PBXProject section */

/* Begin PBXSourcesBuildPhase section */
		OBJ_31 /* Sources */ = {
			isa = PBXSourcesBuildPhase;
			buildActionMask = 0;
			files = (
				OBJ_32 /* ObjectDecoder.swift in Sources */,
				OBJ_33 /* Decodable.swift in Sources */,
				OBJ_34 /* DataType.swift in Sources */,
				OBJ_35 /* IvarToken.swift in Sources */,
				OBJ_36 /* ObjectEncoder.swift in Sources */,
				OBJ_37 /* Encodable.swift in Sources */,
				OBJ_38 /* IvarObject.swift in Sources */,
				OBJ_39 /* IvarArray.swift in Sources */,
				OBJ_40 /* Dictionary+AnyNotNil.swift in Sources */,
				OBJ_41 /* Optional+Extensions.swift in Sources */,
				OBJ_42 /* Convertable.swift in Sources */,
				OBJ_43 /* Token.swift in Sources */,
			);
			runOnlyForDeploymentPostprocessing = 0;
		};
		OBJ_49 /* Sources */ = {
			isa = PBXSourcesBuildPhase;
			buildActionMask = 0;
			files = (
				OBJ_50 /* SwiftBinaryTests.swift in Sources */,
				OBJ_51 /* SwiftBinaryLinuxTests.swift in Sources */,
			);
			runOnlyForDeploymentPostprocessing = 0;
		};
/* End PBXSourcesBuildPhase section */

/* Begin PBXTargetDependency section */
		OBJ_54 /* PBXTargetDependency */ = {
			isa = PBXTargetDependency;
			target = OBJ_27 /* SwiftBinary */;
			targetProxy = 71F469661EF8C5580014F688 /* PBXContainerItemProxy */;
		};
/* End PBXTargetDependency section */

/* Begin XCBuildConfiguration section */
		OBJ_29 /* Debug */ = {
			isa = XCBuildConfiguration;
			buildSettings = {
				ENABLE_TESTABILITY = YES;
				FRAMEWORK_SEARCH_PATHS = (
					"$(inherited)",
					"$(PLATFORM_DIR)/Developer/Library/Frameworks",
				);
				HEADER_SEARCH_PATHS = "$(inherited)";
				INFOPLIST_FILE = SwiftBinary.xcodeproj/SwiftBinary_Info.plist;
				LD_RUNPATH_SEARCH_PATHS = "$(TOOLCHAIN_DIR)/usr/lib/swift/macosx";
				OTHER_LDFLAGS = "$(inherited)";
				OTHER_SWIFT_FLAGS = "$(inherited)";
				PRODUCT_BUNDLE_IDENTIFIER = SwiftBinary;
				PRODUCT_MODULE_NAME = "$(TARGET_NAME:c99extidentifier)";
				PRODUCT_NAME = "$(TARGET_NAME:c99extidentifier)";
				SKIP_INSTALL = YES;
				TARGET_NAME = SwiftBinary;
			};
			name = Debug;
		};
		OBJ_3 /* Debug */ = {
			isa = XCBuildConfiguration;
			buildSettings = {
				CLANG_ENABLE_OBJC_ARC = YES;
				COMBINE_HIDPI_IMAGES = YES;
				COPY_PHASE_STRIP = NO;
				DEBUG_INFORMATION_FORMAT = dwarf;
				DYLIB_INSTALL_NAME_BASE = "@rpath";
				ENABLE_NS_ASSERTIONS = YES;
				GCC_OPTIMIZATION_LEVEL = 0;
				MACOSX_DEPLOYMENT_TARGET = 10.10;
				ONLY_ACTIVE_ARCH = YES;
				OTHER_SWIFT_FLAGS = "-DXcode";
				PRODUCT_NAME = "$(TARGET_NAME)";
				SDKROOT = macosx;
				SUPPORTED_PLATFORMS = "macosx iphoneos iphonesimulator appletvos appletvsimulator watchos watchsimulator";
				SWIFT_ACTIVE_COMPILATION_CONDITIONS = SWIFT_PACKAGE;
				SWIFT_OPTIMIZATION_LEVEL = "-Onone";
				SWIFT_VERSION = 3.0;
				USE_HEADERMAP = NO;
			};
			name = Debug;
		};
		OBJ_30 /* Release */ = {
			isa = XCBuildConfiguration;
			buildSettings = {
				ENABLE_TESTABILITY = YES;
				FRAMEWORK_SEARCH_PATHS = (
					"$(inherited)",
					"$(PLATFORM_DIR)/Developer/Library/Frameworks",
				);
				HEADER_SEARCH_PATHS = "$(inherited)";
				INFOPLIST_FILE = SwiftBinary.xcodeproj/SwiftBinary_Info.plist;
				LD_RUNPATH_SEARCH_PATHS = "$(TOOLCHAIN_DIR)/usr/lib/swift/macosx";
				OTHER_LDFLAGS = "$(inherited)";
				OTHER_SWIFT_FLAGS = "$(inherited)";
				PRODUCT_BUNDLE_IDENTIFIER = SwiftBinary;
				PRODUCT_MODULE_NAME = "$(TARGET_NAME:c99extidentifier)";
				PRODUCT_NAME = "$(TARGET_NAME:c99extidentifier)";
				SKIP_INSTALL = YES;
				TARGET_NAME = SwiftBinary;
			};
			name = Release;
		};
		OBJ_4 /* Release */ = {
			isa = XCBuildConfiguration;
			buildSettings = {
				CLANG_ENABLE_OBJC_ARC = YES;
				COMBINE_HIDPI_IMAGES = YES;
				COPY_PHASE_STRIP = YES;
				DEBUG_INFORMATION_FORMAT = "dwarf-with-dsym";
				DYLIB_INSTALL_NAME_BASE = "@rpath";
				GCC_OPTIMIZATION_LEVEL = s;
				MACOSX_DEPLOYMENT_TARGET = 10.10;
				OTHER_SWIFT_FLAGS = "-DXcode";
				PRODUCT_NAME = "$(TARGET_NAME)";
				SDKROOT = macosx;
				SUPPORTED_PLATFORMS = "macosx iphoneos iphonesimulator appletvos appletvsimulator watchos watchsimulator";
				SWIFT_ACTIVE_COMPILATION_CONDITIONS = SWIFT_PACKAGE;
				SWIFT_OPTIMIZATION_LEVEL = "-Owholemodule";
				SWIFT_VERSION = 3.0;
				USE_HEADERMAP = NO;
			};
			name = Release;
		};
		OBJ_47 /* Debug */ = {
			isa = XCBuildConfiguration;
			buildSettings = {
				EMBEDDED_CONTENT_CONTAINS_SWIFT = YES;
				FRAMEWORK_SEARCH_PATHS = (
					"$(inherited)",
					"$(PLATFORM_DIR)/Developer/Library/Frameworks",
				);
				HEADER_SEARCH_PATHS = "$(inherited)";
				INFOPLIST_FILE = SwiftBinary.xcodeproj/SwiftBinaryTests_Info.plist;
				LD_RUNPATH_SEARCH_PATHS = "@loader_path/../Frameworks @loader_path/Frameworks";
				OTHER_LDFLAGS = "$(inherited)";
				OTHER_SWIFT_FLAGS = "$(inherited)";
				TARGET_NAME = SwiftBinaryTests;
			};
			name = Debug;
		};
		OBJ_48 /* Release */ = {
			isa = XCBuildConfiguration;
			buildSettings = {
				EMBEDDED_CONTENT_CONTAINS_SWIFT = YES;
				FRAMEWORK_SEARCH_PATHS = (
					"$(inherited)",
					"$(PLATFORM_DIR)/Developer/Library/Frameworks",
				);
				HEADER_SEARCH_PATHS = "$(inherited)";
				INFOPLIST_FILE = SwiftBinary.xcodeproj/SwiftBinaryTests_Info.plist;
				LD_RUNPATH_SEARCH_PATHS = "@loader_path/../Frameworks @loader_path/Frameworks";
				OTHER_LDFLAGS = "$(inherited)";
				OTHER_SWIFT_FLAGS = "$(inherited)";
				TARGET_NAME = SwiftBinaryTests;
			};
			name = Release;
		};
/* End XCBuildConfiguration section */

/* Begin XCConfigurationList section */
		OBJ_2 /* Build configuration list for PBXProject "SwiftBinary" */ = {
			isa = XCConfigurationList;
			buildConfigurations = (
				OBJ_3 /* Debug */,
				OBJ_4 /* Release */,
			);
			defaultConfigurationIsVisible = 0;
			defaultConfigurationName = Debug;
		};
		OBJ_28 /* Build configuration list for PBXNativeTarget "SwiftBinary" */ = {
			isa = XCConfigurationList;
			buildConfigurations = (
				OBJ_29 /* Debug */,
				OBJ_30 /* Release */,
			);
			defaultConfigurationIsVisible = 0;
			defaultConfigurationName = Debug;
		};
		OBJ_46 /* Build configuration list for PBXNativeTarget "SwiftBinaryTests" */ = {
			isa = XCConfigurationList;
			buildConfigurations = (
				OBJ_47 /* Debug */,
				OBJ_48 /* Release */,
			);
			defaultConfigurationIsVisible = 0;
			defaultConfigurationName = Debug;
		};
/* End XCConfigurationList section */
	};
	rootObject = OBJ_1 /* Project object */;
}
